
Microsoft Visual Studio Solution File, Format Version 12.00
# Visual Studio 15
VisualStudioVersion = 15.0.27130.2027
MinimumVisualStudioVersion = 10.0.40219.1
Project("{FAE04EC0-301F-11D3-BF4B-00C04F79EFBC}") = "CFSClient", "CFSClient\CFSClient.csproj", "{2D6946F1-6694-4F36-A173-F54EEEEBAB87}"
EndProject
Project("{FAE04EC0-301F-11D3-BF4B-00C04F79EFBC}") = "CFSWeb", "CFSWeb\CFSWeb.csproj", "{46B09380-25E2-497A-9E03-F034E0553421}"
EndProject
Project("{FAE04EC0-301F-11D3-BF4B-00C04F79EFBC}") = "CFSService", "CFSService\CFSService.csproj", "{5B9F8BD9-1D98-44CE-AE8F-F48D247FFB93}"
EndProject
Project("{9A19103F-16F7-4668-BE54-9A1E7A4F7556}") = "CFSAspnetCoreService", "CFSAspnetCoreService\CFSAspnetCoreService.csproj", "{24D6078B-DD4E-4F0D-8286-E33D01176C37}"
EndProject
Project("{2150E333-8FDC-42A3-9474-1A3956D46DE8}") = "Test", "Test", "{85651F71-7897-42B1-8BD9-A82C27886705}"
EndProject
Project("{FAE04EC0-301F-11D3-BF4B-00C04F79EFBC}") = "AspnetCoreServiceTest", "AspnetCoreServiceTest\AspnetCoreServiceTest.csproj", "{47F207C9-29C7-47F3-BB9D-A14CE7197F8A}"
EndProject
Global
	GlobalSection(SolutionConfigurationPlatforms) = preSolution
		Debug|Any CPU = Debug|Any CPU
		Release|Any CPU = Release|Any CPU
	EndGlobalSection
	GlobalSection(ProjectConfigurationPlatforms) = postSolution
		{2D6946F1-6694-4F36-A173-F54EEEEBAB87}.Debug|Any CPU.ActiveCfg = Debug|Any CPU
		{2D6946F1-6694-4F36-A173-F54EEEEBAB87}.Debug|Any CPU.Build.0 = Debug|Any CPU
		{2D6946F1-6694-4F36-A173-F54EEEEBAB87}.Release|Any CPU.ActiveCfg = Release|Any CPU
		{2D6946F1-6694-4F36-A173-F54EEEEBAB87}.Release|Any CPU.Build.0 = Release|Any CPU
		{46B09380-25E2-497A-9E03-F034E0553421}.Debug|Any CPU.ActiveCfg = Debug|Any CPU
		{46B09380-25E2-497A-9E03-F034E0553421}.Debug|Any CPU.Build.0 = Debug|Any CPU
		{46B09380-25E2-497A-9E03-F034E0553421}.Release|Any CPU.ActiveCfg = Release|Any CPU
		{46B09380-25E2-497A-9E03-F034E0553421}.Release|Any CPU.Build.0 = Release|Any CPU
		{5B9F8BD9-1D98-44CE-AE8F-F48D247FFB93}.Debug|Any CPU.ActiveCfg = Debug|Any CPU
		{5B9F8BD9-1D98-44CE-AE8F-F48D247FFB93}.Debug|Any CPU.Build.0 = Debug|Any CPU
		{5B9F8BD9-1D98-44CE-AE8F-F48D247FFB93}.Release|Any CPU.ActiveCfg = Release|Any CPU
		{5B9F8BD9-1D98-44CE-AE8F-F48D247FFB93}.Release|Any CPU.Build.0 = Release|Any CPU
		{24D6078B-DD4E-4F0D-8286-E33D01176C37}.Debug|Any CPU.ActiveCfg = Debug|Any CPU
		{24D6078B-DD4E-4F0D-8286-E33D01176C37}.Debug|Any CPU.Build.0 = Debug|Any CPU
		{24D6078B-DD4E-4F0D-8286-E33D01176C37}.Release|Any CPU.ActiveCfg = Release|Any CPU
		{24D6078B-DD4E-4F0D-8286-E33D01176C37}.Release|Any CPU.Build.0 = Release|Any CPU
		{47F207C9-29C7-47F3-BB9D-A14CE7197F8A}.Debug|Any CPU.ActiveCfg = Debug|Any CPU
		{47F207C9-29C7-47F3-BB9D-A14CE7197F8A}.Debug|Any CPU.Build.0 = Debug|Any CPU
		{47F207C9-29C7-47F3-BB9D-A14CE7197F8A}.Release|Any CPU.ActiveCfg = Release|Any CPU
		{47F207C9-29C7-47F3-BB9D-A14CE7197F8A}.Release|Any CPU.Build.0 = Release|Any CPU
	EndGlobalSection
	GlobalSection(SolutionProperties) = preSolution
		HideSolutionNode = FALSE
	EndGlobalSection
	GlobalSection(NestedProjects) = preSolution
		{47F207C9-29C7-47F3-BB9D-A14CE7197F8A} = {85651F71-7897-42B1-8BD9-A82C27886705}
	EndGlobalSection
	GlobalSection(ExtensibilityGlobals) = postSolution
		SolutionGuid = {CFC0AB32-A9FE-45DC-8C9D-9B70D01F17AA}
	EndGlobalSection
EndGlobal
